
Microsoft Visual Studio Solution File, Format Version 12.00
# Visual Studio Version 16
VisualStudioVersion = 16.0.30517.126
MinimumVisualStudioVersion = 10.0.40219.1
Project("{9A19103F-16F7-4668-BE54-9A1E7A4F7556}") = "RneSniffer", "RneSniffer\RneSniffer.csproj", "{E511C1AE-EACB-47EB-9C08-43554726C664}"
EndProject
Project("{9A19103F-16F7-4668-BE54-9A1E7A4F7556}") = "RneSniffer.Core", "RneSniffer.Core\RneSniffer.Core.csproj", "{521E83C1-D4AB-44DA-A07F-F2505F324161}"
EndProject
Global
	GlobalSection(SolutionConfigurationPlatforms) = preSolution
		Debug|Any CPU = Debug|Any CPU
		Release|Any CPU = Release|Any CPU
	EndGlobalSection
	GlobalSection(ProjectConfigurationPlatforms) = postSolution
		{E511C1AE-EACB-47EB-9C08-43554726C664}.Debug|Any CPU.ActiveCfg = Debug|Any CPU
		{E511C1AE-EACB-47EB-9C08-43554726C664}.Debug|Any CPU.Build.0 = Debug|Any CPU
		{E511C1AE-EACB-47EB-9C08-43554726C664}.Release|Any CPU.ActiveCfg = Release|Any CPU
		{E511C1AE-EACB-47EB-9C08-43554726C664}.Release|Any CPU.Build.0 = Release|Any CPU
		{521E83C1-D4AB-44DA-A07F-F2505F324161}.Debug|Any CPU.ActiveCfg = Debug|Any CPU
		{521E83C1-D4AB-44DA-A07F-F2505F324161}.Debug|Any CPU.Build.0 = Debug|Any CPU
		{521E83C1-D4AB-44DA-A07F-F2505F324161}.Release|Any CPU.ActiveCfg = Release|Any CPU
		{521E83C1-D4AB-44DA-A07F-F2505F324161}.Release|Any CPU.Build.0 = Release|Any CPU
	EndGlobalSection
	GlobalSection(SolutionProperties) = preSolution
		HideSolutionNode = FALSE
	EndGlobalSection
	GlobalSection(ExtensibilityGlobals) = postSolution
		SolutionGuid = {BD7352BC-57D2-4EC3-8AD7-9539C3197B9B}
	EndGlobalSection
EndGlobal
